
Microsoft Visual Studio Solution File, Format Version 12.00
# Visual Studio Version 16
VisualStudioVersion = 16.0.30717.126
MinimumVisualStudioVersion = 10.0.40219.1
Project("{9A19103F-16F7-4668-BE54-9A1E7A4F7556}") = "Lee", "Lee.csproj", "{04D3CFBA-A574-4E4A-9457-97D36B6F450C}"
EndProject
Project("{9A19103F-16F7-4668-BE54-9A1E7A4F7556}") = "ServerSocket", "..\ServerSocket\ServerSocket.csproj", "{7D89E319-7047-4620-A314-5F8EC6245A5C}"
EndProject
Global
	GlobalSection(SolutionConfigurationPlatforms) = preSolution
		Debug|Any CPU = Debug|Any CPU
		Release|Any CPU = Release|Any CPU
	EndGlobalSection
	GlobalSection(ProjectConfigurationPlatforms) = postSolution
		{04D3CFBA-A574-4E4A-9457-97D36B6F450C}.Debug|Any CPU.ActiveCfg = Debug|Any CPU
		{04D3CFBA-A574-4E4A-9457-97D36B6F450C}.Debug|Any CPU.Build.0 = Debug|Any CPU
		{04D3CFBA-A574-4E4A-9457-97D36B6F450C}.Release|Any CPU.ActiveCfg = Release|Any CPU
		{04D3CFBA-A574-4E4A-9457-97D36B6F450C}.Release|Any CPU.Build.0 = Release|Any CPU
		{7D89E319-7047-4620-A314-5F8EC6245A5C}.Debug|Any CPU.ActiveCfg = Debug|Any CPU
		{7D89E319-7047-4620-A314-5F8EC6245A5C}.Debug|Any CPU.Build.0 = Debug|Any CPU
		{7D89E319-7047-4620-A314-5F8EC6245A5C}.Release|Any CPU.ActiveCfg = Release|Any CPU
		{7D89E319-7047-4620-A314-5F8EC6245A5C}.Release|Any CPU.Build.0 = Release|Any CPU
	EndGlobalSection
	GlobalSection(SolutionProperties) = preSolution
		HideSolutionNode = FALSE
	EndGlobalSection
	GlobalSection(ExtensibilityGlobals) = postSolution
		SolutionGuid = {A0F9B00C-2996-48EB-9FE6-FB664C661549}
	EndGlobalSection
EndGlobal
